
Microsoft Visual Studio Solution File, Format Version 12.00
Project("{FAE04EC0-301F-11D3-BF4B-00C04F79EFBC}") = "WFC4All", "WFC4All.csproj", "{BECF0F2B-8670-4266-8CA0-3935442D7674}"
EndProject
Global
	GlobalSection(SolutionConfigurationPlatforms) = preSolution
		Debug|Any CPU = Debug|Any CPU
		Release|Any CPU = Release|Any CPU
	EndGlobalSection
	GlobalSection(ProjectConfigurationPlatforms) = postSolution
		{BECF0F2B-8670-4266-8CA0-3935442D7674}.Debug|Any CPU.ActiveCfg = Debug|Any CPU
		{BECF0F2B-8670-4266-8CA0-3935442D7674}.Debug|Any CPU.Build.0 = Debug|Any CPU
		{BECF0F2B-8670-4266-8CA0-3935442D7674}.Release|Any CPU.ActiveCfg = Release|Any CPU
		{BECF0F2B-8670-4266-8CA0-3935442D7674}.Release|Any CPU.Build.0 = Release|Any CPU
	EndGlobalSection
EndGlobal
